PODS:
  - GoogleMaps (3.10.0):
    - GoogleMaps/Maps (= 3.10.0)
  - GoogleMaps/Base (3.10.0)
  - GoogleMaps/Maps (3.10.0):
    - GoogleMaps/Base
  - GooglePlaces (3.10.0):
    - GoogleMaps/Base (= 3.10.0)
  - RxCocoa (5.1.1):
    - RxRelay (~> 5)
    - RxSwift (~> 5)
  - RxGoogleMaps (4.0.0):
    - GoogleMaps (~> 3)
    - RxCocoa (~> 5)
    - RxSwift (~> 5)
  - RxRelay (5.1.1):
    - RxSwift (~> 5)
  - RxSwift (5.1.1)
  - SnapKit (5.0.1)

DEPENDENCIES:
  - GoogleMaps
  - GooglePlaces
  - RxCocoa (~> 5)
  - RxGoogleMaps
  - RxSwift (~> 5)
  - SnapKit (~> 5.0.0)

SPEC REPOS:
  trunk:
    - GoogleMaps
    - GooglePlaces
    - RxCocoa
    - RxGoogleMaps
    - RxRelay
    - RxSwift
    - SnapKit

SPEC CHECKSUMS:
  GoogleMaps: 8c080862ff2748ece9929471b30feb56a6c5079d
  GooglePlaces: 9a6f5f3a0c88da2aa1bf7426a65d3e004f5e69a1
  RxCocoa: 32065309a38d29b5b0db858819b5bf9ef038b601
  RxGoogleMaps: 5d8a91a26dc9e3f703c5be09424e3ecf7f607328
  RxRelay: d77f7d771495f43c556cbc43eebd1bb54d01e8e9
  RxSwift: 81470a2074fa8780320ea5fe4102807cb7118178
  SnapKit: 97b92857e3df3a0c71833cce143274bf6ef8e5eb

PODFILE CHECKSUM: 4dbd3ed6c98baf90580aa525bc0ff353460944b9

COCOAPODS: 1.9.3
