// !$*UTF8*$!
{
	archiveVersion = 1;
	classes = {
	};
	objectVersion = 51;
	objects = {

/* Begin PBXBuildFile section */
		6694D6AB251CC33300575904 /* AppDelegate.swift in Sources */ = {isa = PBXBuildFile; fileRef = 6694D6AA251CC33300575904 /* AppDelegate.swift */; };
		6694D6AD251CC33300575904 /* SceneDelegate.swift in Sources */ = {isa = PBXBuildFile; fileRef = 6694D6AC251CC33300575904 /* SceneDelegate.swift */; };
		6694D6B2251CC33300575904 /* Main.storyboard in Resources */ = {isa = PBXBuildFile; fileRef = 6694D6B0251CC33300575904 /* Main.storyboard */; };
		6694D6B4251CC33600575904 /* Assets.xcassets in Resources */ = {isa = PBXBuildFile; fileRef = 6694D6B3251CC33600575904 /* Assets.xcassets */; };
		6694D6B7251CC33600575904 /* LaunchScreen.storyboard in Resources */ = {isa = PBXBuildFile; fileRef = 6694D6B5251CC33600575904 /* LaunchScreen.storyboard */; };
		6694D6BF251CE00900575904 /* RootViewController.swift in Sources */ = {isa = PBXBuildFile; fileRef = 6694D6BE251CE00900575904 /* RootViewController.swift */; };
		6694D6C2251CE0E000575904 /* SignUpViewController.swift in Sources */ = {isa = PBXBuildFile; fileRef = 6694D6C1251CE0E000575904 /* SignUpViewController.swift */; };
		6694D6C5251CE2C500575904 /* Extensions.swift in Sources */ = {isa = PBXBuildFile; fileRef = 6694D6C4251CE2C500575904 /* Extensions.swift */; };
		66C0A9DA25209B7100AD1809 /* AttributedStringHelper.swift in Sources */ = {isa = PBXBuildFile; fileRef = 66C0A9D925209B7100AD1809 /* AttributedStringHelper.swift */; };
		66C0A9DD25209B8900AD1809 /* TextAttributes.swift in Sources */ = {isa = PBXBuildFile; fileRef = 66C0A9DC25209B8900AD1809 /* TextAttributes.swift */; };
		66C0A9E1252139BA00AD1809 /* AppCoordinator.swift in Sources */ = {isa = PBXBuildFile; fileRef = 66C0A9E0252139BA00AD1809 /* AppCoordinator.swift */; };
		66C0A9E525213E8000AD1809 /* MapViewController.swift in Sources */ = {isa = PBXBuildFile; fileRef = 66C0A9E425213E8000AD1809 /* MapViewController.swift */; };
		66F5C9E7251D533D000E22D8 /* VerifyPhoneViewController.swift in Sources */ = {isa = PBXBuildFile; fileRef = 66F5C9E6251D533D000E22D8 /* VerifyPhoneViewController.swift */; };
		8C01047D25499DB0003E1DA3 /* HomeViewController.swift in Sources */ = {isa = PBXBuildFile; fileRef = 8C01047C25499DB0003E1DA3 /* HomeViewController.swift */; };
		8C01047F25499DD6003E1DA3 /* MenuViewController.swift in Sources */ = {isa = PBXBuildFile; fileRef = 8C01047E25499DD6003E1DA3 /* MenuViewController.swift */; };
		8C0104812549B114003E1DA3 /* Protocols.swift in Sources */ = {isa = PBXBuildFile; fileRef = 8C0104802549B114003E1DA3 /* Protocols.swift */; };
		8C0104832549B7BE003E1DA3 /* MenuOptionCell.swift in Sources */ = {isa = PBXBuildFile; fileRef = 8C0104822549B7BE003E1DA3 /* MenuOptionCell.swift */; };
		8C0104852549C5E5003E1DA3 /* MenuOptionViewModel.swift in Sources */ = {isa = PBXBuildFile; fileRef = 8C0104842549C5E5003E1DA3 /* MenuOptionViewModel.swift */; };
		8C19DCCE256BEE6500CC4234 /* GeoPoint+CoreDataClass.swift in Sources */ = {isa = PBXBuildFile; fileRef = 8C19DCCD256BEE6500CC4234 /* GeoPoint+CoreDataClass.swift */; };
		8C19DCD0256BEE8500CC4234 /* GeoPoint+CoreDataProperties.swift in Sources */ = {isa = PBXBuildFile; fileRef = 8C19DCCF256BEE8500CC4234 /* GeoPoint+CoreDataProperties.swift */; };
		8C19DCD2256BEEA500CC4234 /* Payment+CoreDataClass.swift in Sources */ = {isa = PBXBuildFile; fileRef = 8C19DCD1256BEEA500CC4234 /* Payment+CoreDataClass.swift */; };
		8C19DCD4256BEEBC00CC4234 /* Payment+CoreDataProperties.swift in Sources */ = {isa = PBXBuildFile; fileRef = 8C19DCD3256BEEBC00CC4234 /* Payment+CoreDataProperties.swift */; };
		8C19DCD6256BEECE00CC4234 /* Drive+CoreDataClass.swift in Sources */ = {isa = PBXBuildFile; fileRef = 8C19DCD5256BEECE00CC4234 /* Drive+CoreDataClass.swift */; };
		8C19DCD8256BEEF200CC4234 /* Drive+CoreDataProperties.swift in Sources */ = {isa = PBXBuildFile; fileRef = 8C19DCD7256BEEF200CC4234 /* Drive+CoreDataProperties.swift */; };
		8C19DCDA256C054400CC4234 /* GoogleService-Info.plist in Resources */ = {isa = PBXBuildFile; fileRef = 8C19DCD9256C054400CC4234 /* GoogleService-Info.plist */; };
		8C47C42E25544D7200DC3B68 /* SettingsViewModel.swift in Sources */ = {isa = PBXBuildFile; fileRef = 8C47C42D25544D7200DC3B68 /* SettingsViewModel.swift */; };
		8C47C4302554644700DC3B68 /* SettingsViewController.swift in Sources */ = {isa = PBXBuildFile; fileRef = 8C47C42F2554644700DC3B68 /* SettingsViewController.swift */; };
		8C53E5182554BA5000913EE9 /* AccountSettingsCell.swift in Sources */ = {isa = PBXBuildFile; fileRef = 8C53E5172554BA5000913EE9 /* AccountSettingsCell.swift */; };
		8C53E51A2554BA8C00913EE9 /* AccountProgrammeCitySettingsCell.swift in Sources */ = {isa = PBXBuildFile; fileRef = 8C53E5192554BA8C00913EE9 /* AccountProgrammeCitySettingsCell.swift */; };
		8C53E51C2554BAB100913EE9 /* HeaderSettingsCell.swift in Sources */ = {isa = PBXBuildFile; fileRef = 8C53E51B2554BAB100913EE9 /* HeaderSettingsCell.swift */; };
		8C6D0A17257173690073C5F3 /* RideListHeaderView.swift in Sources */ = {isa = PBXBuildFile; fileRef = 8C6D0A16257173690073C5F3 /* RideListHeaderView.swift */; };
		8C89CCCF255E655100CA42DC /* ColorsFonts.swift in Sources */ = {isa = PBXBuildFile; fileRef = 8C89CCCE255E655100CA42DC /* ColorsFonts.swift */; };
		8C8BBDE82550DDBD00FB0AEC /* Roboto-Light.ttf in Resources */ = {isa = PBXBuildFile; fileRef = 8C8BBDDB2550DDBD00FB0AEC /* Roboto-Light.ttf */; };
		8C8BBDE92550DDBD00FB0AEC /* Roboto-Thin.ttf in Resources */ = {isa = PBXBuildFile; fileRef = 8C8BBDDC2550DDBD00FB0AEC /* Roboto-Thin.ttf */; };
		8C8BBDEA2550DDBE00FB0AEC /* Roboto-Black.ttf in Resources */ = {isa = PBXBuildFile; fileRef = 8C8BBDDD2550DDBD00FB0AEC /* Roboto-Black.ttf */; };
		8C8BBDEB2550DDBE00FB0AEC /* LICENSE.txt in Resources */ = {isa = PBXBuildFile; fileRef = 8C8BBDDE2550DDBD00FB0AEC /* LICENSE.txt */; };
		8C8BBDEC2550DDBE00FB0AEC /* Roboto-MediumItalic.ttf in Resources */ = {isa = PBXBuildFile; fileRef = 8C8BBDDF2550DDBD00FB0AEC /* Roboto-MediumItalic.ttf */; };
		8C8BBDED2550DDBE00FB0AEC /* Roboto-Regular.ttf in Resources */ = {isa = PBXBuildFile; fileRef = 8C8BBDE02550DDBD00FB0AEC /* Roboto-Regular.ttf */; };
		8C8BBDEE2550DDBE00FB0AEC /* Roboto-LightItalic.ttf in Resources */ = {isa = PBXBuildFile; fileRef = 8C8BBDE12550DDBD00FB0AEC /* Roboto-LightItalic.ttf */; };
		8C8BBDEF2550DDBE00FB0AEC /* Roboto-BlackItalic.ttf in Resources */ = {isa = PBXBuildFile; fileRef = 8C8BBDE22550DDBD00FB0AEC /* Roboto-BlackItalic.ttf */; };
		8C8BBDF02550DDBE00FB0AEC /* Roboto-Medium.ttf in Resources */ = {isa = PBXBuildFile; fileRef = 8C8BBDE32550DDBD00FB0AEC /* Roboto-Medium.ttf */; };
		8C8BBDF12550DDBE00FB0AEC /* Roboto-Italic.ttf in Resources */ = {isa = PBXBuildFile; fileRef = 8C8BBDE42550DDBD00FB0AEC /* Roboto-Italic.ttf */; };
		8C8BBDF22550DDBE00FB0AEC /* Roboto-ThinItalic.ttf in Resources */ = {isa = PBXBuildFile; fileRef = 8C8BBDE52550DDBD00FB0AEC /* Roboto-ThinItalic.ttf */; };
		8C8BBDF32550DDBE00FB0AEC /* Roboto-Bold.ttf in Resources */ = {isa = PBXBuildFile; fileRef = 8C8BBDE62550DDBD00FB0AEC /* Roboto-Bold.ttf */; };
		8C8BBDF42550DDBE00FB0AEC /* Roboto-BoldItalic.ttf in Resources */ = {isa = PBXBuildFile; fileRef = 8C8BBDE72550DDBD00FB0AEC /* Roboto-BoldItalic.ttf */; };
		8C96839A256D6AC00014DA5B /* RideViewModel.swift in Sources */ = {isa = PBXBuildFile; fileRef = 8C968399256D6AC00014DA5B /* RideViewModel.swift */; };
		8CB43FB4254C6B3200A1A065 /* HeaderAvatarNameVIew.swift in Sources */ = {isa = PBXBuildFile; fileRef = 8CB43FB3254C6B3200A1A065 /* HeaderAvatarNameVIew.swift */; };
		8CBD3439256682A7003A0A57 /* CoreDataManager.swift in Sources */ = {isa = PBXBuildFile; fileRef = 8CBD3438256682A7003A0A57 /* CoreDataManager.swift */; };
		8CBD343F2566A703003A0A57 /* ItaxoTrip.xcdatamodeld in Resources */ = {isa = PBXBuildFile; fileRef = 8C47920C25655B3C007F61E6 /* ItaxoTrip.xcdatamodeld */; };
		8CBD344D2566BE19003A0A57 /* User+CoreDataClass.swift in Sources */ = {isa = PBXBuildFile; fileRef = 8CBD344C2566BE18003A0A57 /* User+CoreDataClass.swift */; };
		8CBD344F2566BE3D003A0A57 /* User+CoreDataProperties.swift in Sources */ = {isa = PBXBuildFile; fileRef = 8CBD344E2566BE3D003A0A57 /* User+CoreDataProperties.swift */; };
		8CEB18CB256D901200199402 /* CoreDataObservable.swift in Sources */ = {isa = PBXBuildFile; fileRef = 8CEB18CA256D901200199402 /* CoreDataObservable.swift */; };
		8CF63E1425642F4D00643CEE /* UIView+Borders.swift in Sources */ = {isa = PBXBuildFile; fileRef = 8CF63E1325642F4D00643CEE /* UIView+Borders.swift */; };
		8CFFF32A256E7EDF0093E28C /* RideListViewController.swift in Sources */ = {isa = PBXBuildFile; fileRef = 8CFFF329256E7EDF0093E28C /* RideListViewController.swift */; };
		8CFFF32C256E7EF40093E28C /* RideListCell.swift in Sources */ = {isa = PBXBuildFile; fileRef = 8CFFF32B256E7EF40093E28C /* RideListCell.swift */; };
		9FB22AD6DB0CE764A77E747B /* Pods_itaxo.framework in Frameworks */ = {isa = PBXBuildFile; fileRef = 723718595FDD7E863FC4992A /* Pods_itaxo.framework */; };
/* End PBXBuildFile section */

/* Begin PBXFileReference section */
		6694D6A7251CC33300575904 /* itaxo.app */ = {isa = PBXFileReference; explicitFileType = wrapper.application; includeInIndex = 0; path = itaxo.app; sourceTree = BUILT_PRODUCTS_DIR; };
		6694D6AA251CC33300575904 /* AppDelegate.swift */ = {isa = PBXFileReference; lastKnownFileType = sourcecode.swift; path = AppDelegate.swift; sourceTree = "<group>"; };
		6694D6AC251CC33300575904 /* SceneDelegate.swift */ = {isa = PBXFileReference; lastKnownFileType = sourcecode.swift; path = SceneDelegate.swift; sourceTree = "<group>"; };
		6694D6B1251CC33300575904 /* Base */ = {isa = PBXFileReference; lastKnownFileType = file.storyboard; name = Base; path = Base.lproj/Main.storyboard; sourceTree = "<group>"; };
		6694D6B3251CC33600575904 /* Assets.xcassets */ = {isa = PBXFileReference; lastKnownFileType = folder.assetcatalog; path = Assets.xcassets; sourceTree = "<group>"; };
		6694D6B6251CC33600575904 /* Base */ = {isa = PBXFileReference; lastKnownFileType = file.storyboard; name = Base; path = Base.lproj/LaunchScreen.storyboard; sourceTree = "<group>"; };
		6694D6B8251CC33600575904 /* Info.plist */ = {isa = PBXFileReference; lastKnownFileType = text.plist.xml; path = Info.plist; sourceTree = "<group>"; };
		6694D6BE251CE00900575904 /* RootViewController.swift */ = {isa = PBXFileReference; lastKnownFileType = sourcecode.swift; path = RootViewController.swift; sourceTree = "<group>"; };
		6694D6C1251CE0E000575904 /* SignUpViewController.swift */ = {isa = PBXFileReference; lastKnownFileType = sourcecode.swift; path = SignUpViewController.swift; sourceTree = "<group>"; };
		6694D6C4251CE2C500575904 /* Extensions.swift */ = {isa = PBXFileReference; lastKnownFileType = sourcecode.swift; path = Extensions.swift; sourceTree = "<group>"; };
		66C0A9D925209B7100AD1809 /* AttributedStringHelper.swift */ = {isa = PBXFileReference; lastKnownFileType = sourcecode.swift; path = AttributedStringHelper.swift; sourceTree = "<group>"; };
		66C0A9DC25209B8900AD1809 /* TextAttributes.swift */ = {isa = PBXFileReference; lastKnownFileType = sourcecode.swift; path = TextAttributes.swift; sourceTree = "<group>"; };
		66C0A9E0252139BA00AD1809 /* AppCoordinator.swift */ = {isa = PBXFileReference; lastKnownFileType = sourcecode.swift; path = AppCoordinator.swift; sourceTree = "<group>"; };
		66C0A9E425213E8000AD1809 /* MapViewController.swift */ = {isa = PBXFileReference; lastKnownFileType = sourcecode.swift; path = MapViewController.swift; sourceTree = "<group>"; };
		66F5C9E6251D533D000E22D8 /* VerifyPhoneViewController.swift */ = {isa = PBXFileReference; lastKnownFileType = sourcecode.swift; path = VerifyPhoneViewController.swift; sourceTree = "<group>"; };
		723718595FDD7E863FC4992A /* Pods_itaxo.framework */ = {isa = PBXFileReference; explicitFileType = wrapper.framework; includeInIndex = 0; path = Pods_itaxo.framework; sourceTree = BUILT_PRODUCTS_DIR; };
		7382595607223B6332FA5D2F /* Pods-itaxo.release.xcconfig */ = {isa = PBXFileReference; includeInIndex = 1; lastKnownFileType = text.xcconfig; name = "Pods-itaxo.release.xcconfig"; path = "Target Support Files/Pods-itaxo/Pods-itaxo.release.xcconfig"; sourceTree = "<group>"; };
		8C01047C25499DB0003E1DA3 /* HomeViewController.swift */ = {isa = PBXFileReference; lastKnownFileType = sourcecode.swift; path = HomeViewController.swift; sourceTree = "<group>"; };
		8C01047E25499DD6003E1DA3 /* MenuViewController.swift */ = {isa = PBXFileReference; lastKnownFileType = sourcecode.swift; path = MenuViewController.swift; sourceTree = "<group>"; };
		8C0104802549B114003E1DA3 /* Protocols.swift */ = {isa = PBXFileReference; lastKnownFileType = sourcecode.swift; path = Protocols.swift; sourceTree = "<group>"; };
		8C0104822549B7BE003E1DA3 /* MenuOptionCell.swift */ = {isa = PBXFileReference; lastKnownFileType = sourcecode.swift; path = MenuOptionCell.swift; sourceTree = "<group>"; };
		8C0104842549C5E5003E1DA3 /* MenuOptionViewModel.swift */ = {isa = PBXFileReference; lastKnownFileType = sourcecode.swift; path = MenuOptionViewModel.swift; sourceTree = "<group>"; };
		8C19DCCD256BEE6500CC4234 /* GeoPoint+CoreDataClass.swift */ = {isa = PBXFileReference; lastKnownFileType = sourcecode.swift; path = "GeoPoint+CoreDataClass.swift"; sourceTree = "<group>"; };
		8C19DCCF256BEE8500CC4234 /* GeoPoint+CoreDataProperties.swift */ = {isa = PBXFileReference; lastKnownFileType = sourcecode.swift; path = "GeoPoint+CoreDataProperties.swift"; sourceTree = "<group>"; };
		8C19DCD1256BEEA500CC4234 /* Payment+CoreDataClass.swift */ = {isa = PBXFileReference; lastKnownFileType = sourcecode.swift; path = "Payment+CoreDataClass.swift"; sourceTree = "<group>"; };
		8C19DCD3256BEEBC00CC4234 /* Payment+CoreDataProperties.swift */ = {isa = PBXFileReference; lastKnownFileType = sourcecode.swift; path = "Payment+CoreDataProperties.swift"; sourceTree = "<group>"; };
		8C19DCD5256BEECE00CC4234 /* Drive+CoreDataClass.swift */ = {isa = PBXFileReference; lastKnownFileType = sourcecode.swift; path = "Drive+CoreDataClass.swift"; sourceTree = "<group>"; };
		8C19DCD7256BEEF200CC4234 /* Drive+CoreDataProperties.swift */ = {isa = PBXFileReference; lastKnownFileType = sourcecode.swift; path = "Drive+CoreDataProperties.swift"; sourceTree = "<group>"; };
		8C19DCD9256C054400CC4234 /* GoogleService-Info.plist */ = {isa = PBXFileReference; fileEncoding = 4; lastKnownFileType = text.plist.xml; path = "GoogleService-Info.plist"; sourceTree = "<group>"; };
		8C47920D25655B3C007F61E6 /* ItaxoTrip.xcdatamodel */ = {isa = PBXFileReference; lastKnownFileType = wrapper.xcdatamodel; path = ItaxoTrip.xcdatamodel; sourceTree = "<group>"; };
		8C47C42D25544D7200DC3B68 /* SettingsViewModel.swift */ = {isa = PBXFileReference; lastKnownFileType = sourcecode.swift; path = SettingsViewModel.swift; sourceTree = "<group>"; };
		8C47C42F2554644700DC3B68 /* SettingsViewController.swift */ = {isa = PBXFileReference; lastKnownFileType = sourcecode.swift; path = SettingsViewController.swift; sourceTree = "<group>"; };
		8C53E5172554BA5000913EE9 /* AccountSettingsCell.swift */ = {isa = PBXFileReference; lastKnownFileType = sourcecode.swift; path = AccountSettingsCell.swift; sourceTree = "<group>"; };
		8C53E5192554BA8C00913EE9 /* AccountProgrammeCitySettingsCell.swift */ = {isa = PBXFileReference; lastKnownFileType = sourcecode.swift; path = AccountProgrammeCitySettingsCell.swift; sourceTree = "<group>"; };
		8C53E51B2554BAB100913EE9 /* HeaderSettingsCell.swift */ = {isa = PBXFileReference; lastKnownFileType = sourcecode.swift; path = HeaderSettingsCell.swift; sourceTree = "<group>"; };
		8C6D0A16257173690073C5F3 /* RideListHeaderView.swift */ = {isa = PBXFileReference; lastKnownFileType = sourcecode.swift; path = RideListHeaderView.swift; sourceTree = "<group>"; };
		8C89CCCE255E655100CA42DC /* ColorsFonts.swift */ = {isa = PBXFileReference; lastKnownFileType = sourcecode.swift; path = ColorsFonts.swift; sourceTree = "<group>"; };
		8C8BBDDB2550DDBD00FB0AEC /* Roboto-Light.ttf */ = {isa = PBXFileReference; lastKnownFileType = file; name = "Roboto-Light.ttf"; path = "Roboto/Roboto-Light.ttf"; sourceTree = SOURCE_ROOT; };
		8C8BBDDC2550DDBD00FB0AEC /* Roboto-Thin.ttf */ = {isa = PBXFileReference; lastKnownFileType = file; name = "Roboto-Thin.ttf"; path = "Roboto/Roboto-Thin.ttf"; sourceTree = SOURCE_ROOT; };
		8C8BBDDD2550DDBD00FB0AEC /* Roboto-Black.ttf */ = {isa = PBXFileReference; lastKnownFileType = file; name = "Roboto-Black.ttf"; path = "Roboto/Roboto-Black.ttf"; sourceTree = SOURCE_ROOT; };
		8C8BBDDE2550DDBD00FB0AEC /* LICENSE.txt */ = {isa = PBXFileReference; fileEncoding = 4; lastKnownFileType = text; name = LICENSE.txt; path = Roboto/LICENSE.txt; sourceTree = SOURCE_ROOT; };
		8C8BBDDF2550DDBD00FB0AEC /* Roboto-MediumItalic.ttf */ = {isa = PBXFileReference; lastKnownFileType = file; name = "Roboto-MediumItalic.ttf"; path = "Roboto/Roboto-MediumItalic.ttf"; sourceTree = SOURCE_ROOT; };
		8C8BBDE02550DDBD00FB0AEC /* Roboto-Regular.ttf */ = {isa = PBXFileReference; lastKnownFileType = file; name = "Roboto-Regular.ttf"; path = "Roboto/Roboto-Regular.ttf"; sourceTree = SOURCE_ROOT; };
		8C8BBDE12550DDBD00FB0AEC /* Roboto-LightItalic.ttf */ = {isa = PBXFileReference; lastKnownFileType = file; name = "Roboto-LightItalic.ttf"; path = "Roboto/Roboto-LightItalic.ttf"; sourceTree = SOURCE_ROOT; };
		8C8BBDE22550DDBD00FB0AEC /* Roboto-BlackItalic.ttf */ = {isa = PBXFileReference; lastKnownFileType = file; name = "Roboto-BlackItalic.ttf"; path = "Roboto/Roboto-BlackItalic.ttf"; sourceTree = SOURCE_ROOT; };
		8C8BBDE32550DDBD00FB0AEC /* Roboto-Medium.ttf */ = {isa = PBXFileReference; lastKnownFileType = file; name = "Roboto-Medium.ttf"; path = "Roboto/Roboto-Medium.ttf"; sourceTree = SOURCE_ROOT; };
		8C8BBDE42550DDBD00FB0AEC /* Roboto-Italic.ttf */ = {isa = PBXFileReference; lastKnownFileType = file; name = "Roboto-Italic.ttf"; path = "Roboto/Roboto-Italic.ttf"; sourceTree = SOURCE_ROOT; };
		8C8BBDE52550DDBD00FB0AEC /* Roboto-ThinItalic.ttf */ = {isa = PBXFileReference; lastKnownFileType = file; name = "Roboto-ThinItalic.ttf"; path = "Roboto/Roboto-ThinItalic.ttf"; sourceTree = SOURCE_ROOT; };
		8C8BBDE62550DDBD00FB0AEC /* Roboto-Bold.ttf */ = {isa = PBXFileReference; lastKnownFileType = file; name = "Roboto-Bold.ttf"; path = "Roboto/Roboto-Bold.ttf"; sourceTree = SOURCE_ROOT; };
		8C8BBDE72550DDBD00FB0AEC /* Roboto-BoldItalic.ttf */ = {isa = PBXFileReference; lastKnownFileType = file; name = "Roboto-BoldItalic.ttf"; path = "Roboto/Roboto-BoldItalic.ttf"; sourceTree = SOURCE_ROOT; };
		8C968399256D6AC00014DA5B /* RideViewModel.swift */ = {isa = PBXFileReference; lastKnownFileType = sourcecode.swift; path = RideViewModel.swift; sourceTree = "<group>"; };
		8CB43FB3254C6B3200A1A065 /* HeaderAvatarNameVIew.swift */ = {isa = PBXFileReference; lastKnownFileType = sourcecode.swift; path = HeaderAvatarNameVIew.swift; sourceTree = "<group>"; };
		8CBD3438256682A7003A0A57 /* CoreDataManager.swift */ = {isa = PBXFileReference; lastKnownFileType = sourcecode.swift; path = CoreDataManager.swift; sourceTree = "<group>"; };
		8CBD344C2566BE18003A0A57 /* User+CoreDataClass.swift */ = {isa = PBXFileReference; lastKnownFileType = sourcecode.swift; path = "User+CoreDataClass.swift"; sourceTree = "<group>"; };
		8CBD344E2566BE3D003A0A57 /* User+CoreDataProperties.swift */ = {isa = PBXFileReference; lastKnownFileType = sourcecode.swift; path = "User+CoreDataProperties.swift"; sourceTree = "<group>"; };
		8CEB18CA256D901200199402 /* CoreDataObservable.swift */ = {isa = PBXFileReference; lastKnownFileType = sourcecode.swift; path = CoreDataObservable.swift; sourceTree = "<group>"; };
		8CF63E1325642F4D00643CEE /* UIView+Borders.swift */ = {isa = PBXFileReference; lastKnownFileType = sourcecode.swift; path = "UIView+Borders.swift"; sourceTree = "<group>"; };
		8CFFF329256E7EDF0093E28C /* RideListViewController.swift */ = {isa = PBXFileReference; lastKnownFileType = sourcecode.swift; path = RideListViewController.swift; sourceTree = "<group>"; };
		8CFFF32B256E7EF40093E28C /* RideListCell.swift */ = {isa = PBXFileReference; lastKnownFileType = sourcecode.swift; path = RideListCell.swift; sourceTree = "<group>"; };
		F54780FB957BCFB0159E60E4 /* Pods-itaxo.debug.xcconfig */ = {isa = PBXFileReference; includeInIndex = 1; lastKnownFileType = text.xcconfig; name = "Pods-itaxo.debug.xcconfig"; path = "Target Support Files/Pods-itaxo/Pods-itaxo.debug.xcconfig"; sourceTree = "<group>"; };
/* End PBXFileReference section */

/* Begin PBXFrameworksBuildPhase section */
		6694D6A4251CC33300575904 /* Frameworks */ = {
			isa = PBXFrameworksBuildPhase;
			buildActionMask = 2147483647;
			files = (
				9FB22AD6DB0CE764A77E747B /* Pods_itaxo.framework in Frameworks */,
			);
			runOnlyForDeploymentPostprocessing = 0;
		};
/* End PBXFrameworksBuildPhase section */

/* Begin PBXGroup section */
		081D80F38F9422F6F8D27FFE /* Pods */ = {
			isa = PBXGroup;
			children = (
				F54780FB957BCFB0159E60E4 /* Pods-itaxo.debug.xcconfig */,
				7382595607223B6332FA5D2F /* Pods-itaxo.release.xcconfig */,
			);
			path = Pods;
			sourceTree = "<group>";
		};
		6244EE43EFB4561EA5A1B037 /* Frameworks */ = {
			isa = PBXGroup;
			children = (
				723718595FDD7E863FC4992A /* Pods_itaxo.framework */,
			);
			name = Frameworks;
			sourceTree = "<group>";
		};
		6694D69E251CC33300575904 = {
			isa = PBXGroup;
			children = (
				6694D6A9251CC33300575904 /* itaxo */,
				6694D6A8251CC33300575904 /* Products */,
				8C47920B25655ABA007F61E6 /* CoreData */,
				081D80F38F9422F6F8D27FFE /* Pods */,
				6244EE43EFB4561EA5A1B037 /* Frameworks */,
			);
			sourceTree = "<group>";
		};
		6694D6A8251CC33300575904 /* Products */ = {
			isa = PBXGroup;
			children = (
				6694D6A7251CC33300575904 /* itaxo.app */,
			);
			name = Products;
			sourceTree = "<group>";
		};
		6694D6A9251CC33300575904 /* itaxo */ = {
			isa = PBXGroup;
			children = (
				8C01047325499D01003E1DA3 /* Drawer */,
				6694D6C0251CE0CD00575904 /* Auth */,
				66C0A9E325213E6D00AD1809 /* Map */,
				6694D6C3251CE2BB00575904 /* Helpers */,
				6694D6AA251CC33300575904 /* AppDelegate.swift */,
				66C0A9E0252139BA00AD1809 /* AppCoordinator.swift */,
				6694D6AC251CC33300575904 /* SceneDelegate.swift */,
				6694D6BE251CE00900575904 /* RootViewController.swift */,
				6694D6B0251CC33300575904 /* Main.storyboard */,
				6694D6B3251CC33600575904 /* Assets.xcassets */,
				8C8BBDDA2550DD7F00FB0AEC /* font */,
				6694D6B5251CC33600575904 /* LaunchScreen.storyboard */,
				6694D6B8251CC33600575904 /* Info.plist */,
				8C19DCD9256C054400CC4234 /* GoogleService-Info.plist */,
			);
			path = itaxo;
			sourceTree = "<group>";
		};
		6694D6C0251CE0CD00575904 /* Auth */ = {
			isa = PBXGroup;
			children = (
				6694D6C1251CE0E000575904 /* SignUpViewController.swift */,
				66F5C9E6251D533D000E22D8 /* VerifyPhoneViewController.swift */,
			);
			path = Auth;
			sourceTree = "<group>";
		};
		6694D6C3251CE2BB00575904 /* Helpers */ = {
			isa = PBXGroup;
			children = (
				6694D6C4251CE2C500575904 /* Extensions.swift */,
				66C0A9D925209B7100AD1809 /* AttributedStringHelper.swift */,
				66C0A9DC25209B8900AD1809 /* TextAttributes.swift */,
				8C89CCCE255E655100CA42DC /* ColorsFonts.swift */,
				8CF63E1325642F4D00643CEE /* UIView+Borders.swift */,
			);
			path = Helpers;
			sourceTree = "<group>";
		};
		66C0A9E325213E6D00AD1809 /* Map */ = {
			isa = PBXGroup;
			children = (
				66C0A9E425213E8000AD1809 /* MapViewController.swift */,
			);
			path = Map;
			sourceTree = "<group>";
		};
		8C01047325499D01003E1DA3 /* Drawer */ = {
			isa = PBXGroup;
			children = (
				8C01047925499D76003E1DA3 /* Utils */,
				8C01047825499D54003E1DA3 /* ViewModel */,
				8C01047425499D4A003E1DA3 /* Controller */,
				8C01047725499D52003E1DA3 /* View */,
			);
			path = Drawer;
			sourceTree = "<group>";
		};
		8C01047425499D4A003E1DA3 /* Controller */ = {
			isa = PBXGroup;
			children = (
				8CFFF329256E7EDF0093E28C /* RideListViewController.swift */,
				8C01047E25499DD6003E1DA3 /* MenuViewController.swift */,
				8C01047C25499DB0003E1DA3 /* HomeViewController.swift */,
				8C47C42F2554644700DC3B68 /* SettingsViewController.swift */,
			);
			path = Controller;
			sourceTree = "<group>";
		};
		8C01047725499D52003E1DA3 /* View */ = {
			isa = PBXGroup;
			children = (
				8CFFF32B256E7EF40093E28C /* RideListCell.swift */,
				8C6D0A16257173690073C5F3 /* RideListHeaderView.swift */,
				8C0104822549B7BE003E1DA3 /* MenuOptionCell.swift */,
				8CB43FB3254C6B3200A1A065 /* HeaderAvatarNameVIew.swift */,
				8C53E5172554BA5000913EE9 /* AccountSettingsCell.swift */,
				8C53E5192554BA8C00913EE9 /* AccountProgrammeCitySettingsCell.swift */,
				8C53E51B2554BAB100913EE9 /* HeaderSettingsCell.swift */,
			);
			path = View;
			sourceTree = "<group>";
		};
		8C01047825499D54003E1DA3 /* ViewModel */ = {
			isa = PBXGroup;
			children = (
				8C968399256D6AC00014DA5B /* RideViewModel.swift */,
				8C0104842549C5E5003E1DA3 /* MenuOptionViewModel.swift */,
				8C47C42D25544D7200DC3B68 /* SettingsViewModel.swift */,
			);
			path = ViewModel;
			sourceTree = "<group>";
		};
		8C01047925499D76003E1DA3 /* Utils */ = {
			isa = PBXGroup;
			children = (
				8C0104802549B114003E1DA3 /* Protocols.swift */,
			);
			path = Utils;
			sourceTree = "<group>";
		};
		8C47920B25655ABA007F61E6 /* CoreData */ = {
			isa = PBXGroup;
			children = (
				8CBD3438256682A7003A0A57 /* CoreDataManager.swift */,
				8C47920C25655B3C007F61E6 /* ItaxoTrip.xcdatamodeld */,
				8CBD344E2566BE3D003A0A57 /* User+CoreDataProperties.swift */,
				8CBD344C2566BE18003A0A57 /* User+CoreDataClass.swift */,
				8C19DCCD256BEE6500CC4234 /* GeoPoint+CoreDataClass.swift */,
				8C19DCCF256BEE8500CC4234 /* GeoPoint+CoreDataProperties.swift */,
				8C19DCD1256BEEA500CC4234 /* Payment+CoreDataClass.swift */,
				8C19DCD3256BEEBC00CC4234 /* Payment+CoreDataProperties.swift */,
				8C19DCD5256BEECE00CC4234 /* Drive+CoreDataClass.swift */,
				8C19DCD7256BEEF200CC4234 /* Drive+CoreDataProperties.swift */,
				8CEB18CA256D901200199402 /* CoreDataObservable.swift */,
			);
			path = CoreData;
			sourceTree = "<group>";
		};
		8C8BBDDA2550DD7F00FB0AEC /* font */ = {
			isa = PBXGroup;
			children = (
				8C8BBDDE2550DDBD00FB0AEC /* LICENSE.txt */,
				8C8BBDDD2550DDBD00FB0AEC /* Roboto-Black.ttf */,
				8C8BBDE22550DDBD00FB0AEC /* Roboto-BlackItalic.ttf */,
				8C8BBDE62550DDBD00FB0AEC /* Roboto-Bold.ttf */,
				8C8BBDE72550DDBD00FB0AEC /* Roboto-BoldItalic.ttf */,
				8C8BBDE42550DDBD00FB0AEC /* Roboto-Italic.ttf */,
				8C8BBDDB2550DDBD00FB0AEC /* Roboto-Light.ttf */,
				8C8BBDE12550DDBD00FB0AEC /* Roboto-LightItalic.ttf */,
				8C8BBDE32550DDBD00FB0AEC /* Roboto-Medium.ttf */,
				8C8BBDDF2550DDBD00FB0AEC /* Roboto-MediumItalic.ttf */,
				8C8BBDE02550DDBD00FB0AEC /* Roboto-Regular.ttf */,
				8C8BBDDC2550DDBD00FB0AEC /* Roboto-Thin.ttf */,
				8C8BBDE52550DDBD00FB0AEC /* Roboto-ThinItalic.ttf */,
			);
			path = font;
			sourceTree = "<group>";
		};
/* End PBXGroup section */

/* Begin PBXNativeTarget section */
		6694D6A6251CC33300575904 /* itaxo */ = {
			isa = PBXNativeTarget;
			buildConfigurationList = 6694D6BB251CC33600575904 /* Build configuration list for PBXNativeTarget "itaxo" */;
			buildPhases = (
				5D42CB69903AC5A76D9F246C /* [CP] Check Pods Manifest.lock */,
				6694D6A3251CC33300575904 /* Sources */,
				6694D6A4251CC33300575904 /* Frameworks */,
				9001F86E69056E64830E0733 /* [CP] Embed Pods Frameworks */,
				6694D6A5251CC33300575904 /* Resources */,
				88A4A766D76DD3AE73098CDE /* [CP] Copy Pods Resources */,
			);
			buildRules = (
			);
			dependencies = (
			);
			name = itaxo;
			productName = itaxo;
			productReference = 6694D6A7251CC33300575904 /* itaxo.app */;
			productType = "com.apple.product-type.application";
		};
/* End PBXNativeTarget section */

/* Begin PBXProject section */
		6694D69F251CC33300575904 /* Project object */ = {
			isa = PBXProject;
			attributes = {
				LastSwiftUpdateCheck = 1170;
				LastUpgradeCheck = 1170;
				ORGANIZATIONNAME = "Illia Pushnov";
				TargetAttributes = {
					6694D6A6251CC33300575904 = {
						CreatedOnToolsVersion = 11.7;
					};
				};
			};
			buildConfigurationList = 6694D6A2251CC33300575904 /* Build configuration list for PBXProject "itaxo" */;
			compatibilityVersion = "Xcode 9.3";
			developmentRegion = en;
			hasScannedForEncodings = 0;
			knownRegions = (
				en,
				Base,
			);
			mainGroup = 6694D69E251CC33300575904;
			productRefGroup = 6694D6A8251CC33300575904 /* Products */;
			projectDirPath = "";
			projectRoot = "";
			targets = (
				6694D6A6251CC33300575904 /* itaxo */,
			);
		};
/* End PBXProject section */

/* Begin PBXResourcesBuildPhase section */
		6694D6A5251CC33300575904 /* Resources */ = {
			isa = PBXResourcesBuildPhase;
			buildActionMask = 2147483647;
			files = (
				8CBD343F2566A703003A0A57 /* ItaxoTrip.xcdatamodeld in Resources */,
				6694D6B7251CC33600575904 /* LaunchScreen.storyboard in Resources */,
				6694D6B4251CC33600575904 /* Assets.xcassets in Resources */,
				8C8BBDF32550DDBE00FB0AEC /* Roboto-Bold.ttf in Resources */,
				8C8BBDEE2550DDBE00FB0AEC /* Roboto-LightItalic.ttf in Resources */,
				8C8BBDE82550DDBD00FB0AEC /* Roboto-Light.ttf in Resources */,
				8C8BBDE92550DDBD00FB0AEC /* Roboto-Thin.ttf in Resources */,
				8C8BBDF12550DDBE00FB0AEC /* Roboto-Italic.ttf in Resources */,
				8C8BBDEC2550DDBE00FB0AEC /* Roboto-MediumItalic.ttf in Resources */,
				8C8BBDEF2550DDBE00FB0AEC /* Roboto-BlackItalic.ttf in Resources */,
				6694D6B2251CC33300575904 /* Main.storyboard in Resources */,
				8C19DCDA256C054400CC4234 /* GoogleService-Info.plist in Resources */,
				8C8BBDF42550DDBE00FB0AEC /* Roboto-BoldItalic.ttf in Resources */,
				8C8BBDF02550DDBE00FB0AEC /* Roboto-Medium.ttf in Resources */,
				8C8BBDF22550DDBE00FB0AEC /* Roboto-ThinItalic.ttf in Resources */,
				8C8BBDED2550DDBE00FB0AEC /* Roboto-Regular.ttf in Resources */,
				8C8BBDEA2550DDBE00FB0AEC /* Roboto-Black.ttf in Resources */,
				8C8BBDEB2550DDBE00FB0AEC /* LICENSE.txt in Resources */,
			);
			runOnlyForDeploymentPostprocessing = 0;
		};
/* End PBXResourcesBuildPhase section */

/* Begin PBXShellScriptBuildPhase section */
		5D42CB69903AC5A76D9F246C /* [CP] Check Pods Manifest.lock */ = {
			isa = PBXShellScriptBuildPhase;
			buildActionMask = 2147483647;
			files = (
			);
			inputFileListPaths = (
			);
			inputPaths = (
				"${PODS_PODFILE_DIR_PATH}/Podfile.lock",
				"${PODS_ROOT}/Manifest.lock",
			);
			name = "[CP] Check Pods Manifest.lock";
			outputFileListPaths = (
			);
			outputPaths = (
				"$(DERIVED_FILE_DIR)/Pods-itaxo-checkManifestLockResult.txt",
			);
			runOnlyForDeploymentPostprocessing = 0;
			shellPath = /bin/sh;
			shellScript = "diff \"${PODS_PODFILE_DIR_PATH}/Podfile.lock\" \"${PODS_ROOT}/Manifest.lock\" > /dev/null\nif [ $? != 0 ] ; then\n    # print error to STDERR\n    echo \"error: The sandbox is not in sync with the Podfile.lock. Run 'pod install' or update your CocoaPods installation.\" >&2\n    exit 1\nfi\n# This output is used by Xcode 'outputs' to avoid re-running this script phase.\necho \"SUCCESS\" > \"${SCRIPT_OUTPUT_FILE_0}\"\n";
			showEnvVarsInLog = 0;
		};
		88A4A766D76DD3AE73098CDE /* [CP] Copy Pods Resources */ = {
			isa = PBXShellScriptBuildPhase;
			buildActionMask = 2147483647;
			files = (
			);
			inputFileListPaths = (
				"${PODS_ROOT}/Target Support Files/Pods-itaxo/Pods-itaxo-resources-${CONFIGURATION}-input-files.xcfilelist",
			);
			name = "[CP] Copy Pods Resources";
			outputFileListPaths = (
				"${PODS_ROOT}/Target Support Files/Pods-itaxo/Pods-itaxo-resources-${CONFIGURATION}-output-files.xcfilelist",
			);
			runOnlyForDeploymentPostprocessing = 0;
			shellPath = /bin/sh;
			shellScript = "\"${PODS_ROOT}/Target Support Files/Pods-itaxo/Pods-itaxo-resources.sh\"\n";
			showEnvVarsInLog = 0;
		};
		9001F86E69056E64830E0733 /* [CP] Embed Pods Frameworks */ = {
			isa = PBXShellScriptBuildPhase;
			buildActionMask = 2147483647;
			files = (
			);
			inputFileListPaths = (
				"${PODS_ROOT}/Target Support Files/Pods-itaxo/Pods-itaxo-frameworks-${CONFIGURATION}-input-files.xcfilelist",
			);
			name = "[CP] Embed Pods Frameworks";
			outputFileListPaths = (
				"${PODS_ROOT}/Target Support Files/Pods-itaxo/Pods-itaxo-frameworks-${CONFIGURATION}-output-files.xcfilelist",
			);
			runOnlyForDeploymentPostprocessing = 0;
			shellPath = /bin/sh;
			shellScript = "\"${PODS_ROOT}/Target Support Files/Pods-itaxo/Pods-itaxo-frameworks.sh\"\n";
			showEnvVarsInLog = 0;
		};
/* End PBXShellScriptBuildPhase section */

/* Begin PBXSourcesBuildPhase section */
		6694D6A3251CC33300575904 /* Sources */ = {
			isa = PBXSourcesBuildPhase;
			buildActionMask = 2147483647;
			files = (
				8C19DCD8256BEEF200CC4234 /* Drive+CoreDataProperties.swift in Sources */,
				8CF63E1425642F4D00643CEE /* UIView+Borders.swift in Sources */,
				8C47C4302554644700DC3B68 /* SettingsViewController.swift in Sources */,
				8C89CCCF255E655100CA42DC /* ColorsFonts.swift in Sources */,
				8C0104812549B114003E1DA3 /* Protocols.swift in Sources */,
				6694D6C5251CE2C500575904 /* Extensions.swift in Sources */,
				8CBD344D2566BE19003A0A57 /* User+CoreDataClass.swift in Sources */,
				6694D6AB251CC33300575904 /* AppDelegate.swift in Sources */,
				8C53E51C2554BAB100913EE9 /* HeaderSettingsCell.swift in Sources */,
				8CFFF32C256E7EF40093E28C /* RideListCell.swift in Sources */,
				8C96839A256D6AC00014DA5B /* RideViewModel.swift in Sources */,
				8CFFF32A256E7EDF0093E28C /* RideListViewController.swift in Sources */,
				8C0104852549C5E5003E1DA3 /* MenuOptionViewModel.swift in Sources */,
				8CEB18CB256D901200199402 /* CoreDataObservable.swift in Sources */,
				8CBD3439256682A7003A0A57 /* CoreDataManager.swift in Sources */,
				8C53E51A2554BA8C00913EE9 /* AccountProgrammeCitySettingsCell.swift in Sources */,
				6694D6BF251CE00900575904 /* RootViewController.swift in Sources */,
				8C19DCCE256BEE6500CC4234 /* GeoPoint+CoreDataClass.swift in Sources */,
				8C19DCD2256BEEA500CC4234 /* Payment+CoreDataClass.swift in Sources */,
				8CB43FB4254C6B3200A1A065 /* HeaderAvatarNameVIew.swift in Sources */,
				66C0A9E525213E8000AD1809 /* MapViewController.swift in Sources */,
				66C0A9DD25209B8900AD1809 /* TextAttributes.swift in Sources */,
				8C19DCD4256BEEBC00CC4234 /* Payment+CoreDataProperties.swift in Sources */,
				8C47C42E25544D7200DC3B68 /* SettingsViewModel.swift in Sources */,
				8CBD344F2566BE3D003A0A57 /* User+CoreDataProperties.swift in Sources */,
				6694D6C2251CE0E000575904 /* SignUpViewController.swift in Sources */,
				8C01047D25499DB0003E1DA3 /* HomeViewController.swift in Sources */,
				66F5C9E7251D533D000E22D8 /* VerifyPhoneViewController.swift in Sources */,
				8C01047F25499DD6003E1DA3 /* MenuViewController.swift in Sources */,
				8C19DCD0256BEE8500CC4234 /* GeoPoint+CoreDataProperties.swift in Sources */,
				8C6D0A17257173690073C5F3 /* RideListHeaderView.swift in Sources */,
				8C53E5182554BA5000913EE9 /* AccountSettingsCell.swift in Sources */,
				66C0A9E1252139BA00AD1809 /* AppCoordinator.swift in Sources */,
				8C19DCD6256BEECE00CC4234 /* Drive+CoreDataClass.swift in Sources */,
				66C0A9DA25209B7100AD1809 /* AttributedStringHelper.swift in Sources */,
				8C0104832549B7BE003E1DA3 /* MenuOptionCell.swift in Sources */,
				6694D6AD251CC33300575904 /* SceneDelegate.swift in Sources */,
			);
			runOnlyForDeploymentPostprocessing = 0;
		};
/* End PBXSourcesBuildPhase section */

/* Begin PBXVariantGroup section */
		6694D6B0251CC33300575904 /* Main.storyboard */ = {
			isa = PBXVariantGroup;
			children = (
				6694D6B1251CC33300575904 /* Base */,
			);
			name = Main.storyboard;
			sourceTree = "<group>";
		};
		6694D6B5251CC33600575904 /* LaunchScreen.storyboard */ = {
			isa = PBXVariantGroup;
			children = (
				6694D6B6251CC33600575904 /* Base */,
			);
			name = LaunchScreen.storyboard;
			sourceTree = "<group>";
		};
/* End PBXVariantGroup section */

/* Begin XCBuildConfiguration section */
		6694D6B9251CC33600575904 /* Debug */ = {
			isa = XCBuildConfiguration;
			buildSettings = {
				ALWAYS_SEARCH_USER_PATHS = NO;
				CLANG_ANALYZER_NONNULL = YES;
				CLANG_ANALYZER_NUMBER_OBJECT_CONVERSION = YES_AGGRESSIVE;
				CLANG_CXX_LANGUAGE_STANDARD = "gnu++14";
				CLANG_CXX_LIBRARY = "libc++";
				CLANG_ENABLE_MODULES = YES;
				CLANG_ENABLE_OBJC_ARC = YES;
				CLANG_ENABLE_OBJC_WEAK = YES;
				CLANG_WARN_BLOCK_CAPTURE_AUTORELEASING = YES;
				CLANG_WARN_BOOL_CONVERSION = YES;
				CLANG_WARN_COMMA = YES;
				CLANG_WARN_CONSTANT_CONVERSION = YES;
				CLANG_WARN_DEPRECATED_OBJC_IMPLEMENTATIONS = YES;
				CLANG_WARN_DIRECT_OBJC_ISA_USAGE = YES_ERROR;
				CLANG_WARN_DOCUMENTATION_COMMENTS = YES;
				CLANG_WARN_EMPTY_BODY = YES;
				CLANG_WARN_ENUM_CONVERSION = YES;
				CLANG_WARN_INFINITE_RECURSION = YES;
				CLANG_WARN_INT_CONVERSION = YES;
				CLANG_WARN_NON_LITERAL_NULL_CONVERSION = YES;
				CLANG_WARN_OBJC_IMPLICIT_RETAIN_SELF = YES;
				CLANG_WARN_OBJC_LITERAL_CONVERSION = YES;
				CLANG_WARN_OBJC_ROOT_CLASS = YES_ERROR;
				CLANG_WARN_RANGE_LOOP_ANALYSIS = YES;
				CLANG_WARN_STRICT_PROTOTYPES = YES;
				CLANG_WARN_SUSPICIOUS_MOVE = YES;
				CLANG_WARN_UNGUARDED_AVAILABILITY = YES_AGGRESSIVE;
				CLANG_WARN_UNREACHABLE_CODE = YES;
				CLANG_WARN__DUPLICATE_METHOD_MATCH = YES;
				COPY_PHASE_STRIP = NO;
				DEBUG_INFORMATION_FORMAT = dwarf;
				ENABLE_STRICT_OBJC_MSGSEND = YES;
				ENABLE_TESTABILITY = YES;
				GCC_C_LANGUAGE_STANDARD = gnu11;
				GCC_DYNAMIC_NO_PIC = NO;
				GCC_NO_COMMON_BLOCKS = YES;
				GCC_OPTIMIZATION_LEVEL = 0;
				GCC_PREPROCESSOR_DEFINITIONS = (
					"DEBUG=1",
					"$(inherited)",
				);
				GCC_WARN_64_TO_32_BIT_CONVERSION = YES;
				GCC_WARN_ABOUT_RETURN_TYPE = YES_ERROR;
				GCC_WARN_UNDECLARED_SELECTOR = YES;
				GCC_WARN_UNINITIALIZED_AUTOS = YES_AGGRESSIVE;
				GCC_WARN_UNUSED_FUNCTION = YES;
				GCC_WARN_UNUSED_VARIABLE = YES;
				IPHONEOS_DEPLOYMENT_TARGET = 13.5;
				MTL_ENABLE_DEBUG_INFO = INCLUDE_SOURCE;
				MTL_FAST_MATH = YES;
				ONLY_ACTIVE_ARCH = YES;
				SDKROOT = iphoneos;
				SWIFT_ACTIVE_COMPILATION_CONDITIONS = DEBUG;
				SWIFT_OPTIMIZATION_LEVEL = "-Onone";
			};
			name = Debug;
		};
		6694D6BA251CC33600575904 /* Release */ = {
			isa = XCBuildConfiguration;
			buildSettings = {
				ALWAYS_SEARCH_USER_PATHS = NO;
				CLANG_ANALYZER_NONNULL = YES;
				CLANG_ANALYZER_NUMBER_OBJECT_CONVERSION = YES_AGGRESSIVE;
				CLANG_CXX_LANGUAGE_STANDARD = "gnu++14";
				CLANG_CXX_LIBRARY = "libc++";
				CLANG_ENABLE_MODULES = YES;
				CLANG_ENABLE_OBJC_ARC = YES;
				CLANG_ENABLE_OBJC_WEAK = YES;
				CLANG_WARN_BLOCK_CAPTURE_AUTORELEASING = YES;
				CLANG_WARN_BOOL_CONVERSION = YES;
				CLANG_WARN_COMMA = YES;
				CLANG_WARN_CONSTANT_CONVERSION = YES;
				CLANG_WARN_DEPRECATED_OBJC_IMPLEMENTATIONS = YES;
				CLANG_WARN_DIRECT_OBJC_ISA_USAGE = YES_ERROR;
				CLANG_WARN_DOCUMENTATION_COMMENTS = YES;
				CLANG_WARN_EMPTY_BODY = YES;
				CLANG_WARN_ENUM_CONVERSION = YES;
				CLANG_WARN_INFINITE_RECURSION = YES;
				CLANG_WARN_INT_CONVERSION = YES;
				CLANG_WARN_NON_LITERAL_NULL_CONVERSION = YES;
				CLANG_WARN_OBJC_IMPLICIT_RETAIN_SELF = YES;
				CLANG_WARN_OBJC_LITERAL_CONVERSION = YES;
				CLANG_WARN_OBJC_ROOT_CLASS = YES_ERROR;
				CLANG_WARN_RANGE_LOOP_ANALYSIS = YES;
				CLANG_WARN_STRICT_PROTOTYPES = YES;
				CLANG_WARN_SUSPICIOUS_MOVE = YES;
				CLANG_WARN_UNGUARDED_AVAILABILITY = YES_AGGRESSIVE;
				CLANG_WARN_UNREACHABLE_CODE = YES;
				CLANG_WARN__DUPLICATE_METHOD_MATCH = YES;
				COPY_PHASE_STRIP = NO;
				DEBUG_INFORMATION_FORMAT = "dwarf-with-dsym";
				ENABLE_NS_ASSERTIONS = NO;
				ENABLE_STRICT_OBJC_MSGSEND = YES;
				GCC_C_LANGUAGE_STANDARD = gnu11;
				GCC_NO_COMMON_BLOCKS = YES;
				GCC_WARN_64_TO_32_BIT_CONVERSION = YES;
				GCC_WARN_ABOUT_RETURN_TYPE = YES_ERROR;
				GCC_WARN_UNDECLARED_SELECTOR = YES;
				GCC_WARN_UNINITIALIZED_AUTOS = YES_AGGRESSIVE;
				GCC_WARN_UNUSED_FUNCTION = YES;
				GCC_WARN_UNUSED_VARIABLE = YES;
				IPHONEOS_DEPLOYMENT_TARGET = 13.5;
				MTL_ENABLE_DEBUG_INFO = NO;
				MTL_FAST_MATH = YES;
				SDKROOT = iphoneos;
				SWIFT_COMPILATION_MODE = wholemodule;
				SWIFT_OPTIMIZATION_LEVEL = "-O";
				VALIDATE_PRODUCT = YES;
			};
			name = Release;
		};
		6694D6BC251CC33600575904 /* Debug */ = {
			isa = XCBuildConfiguration;
			baseConfigurationReference = F54780FB957BCFB0159E60E4 /* Pods-itaxo.debug.xcconfig */;
			buildSettings = {
				ASSETCATALOG_COMPILER_APPICON_NAME = AppIcon;
				CODE_SIGN_STYLE = Automatic;
				DEVELOPMENT_TEAM = BP9F2YY4PR;
				INFOPLIST_FILE = itaxo/Info.plist;
				IPHONEOS_DEPLOYMENT_TARGET = 13.5;
				LD_RUNPATH_SEARCH_PATHS = (
					"$(inherited)",
					"@executable_path/Frameworks",
				);
				PRODUCT_BUNDLE_IDENTIFIER = com.itaxo.itaxo;
				PRODUCT_NAME = "$(TARGET_NAME)";
				SWIFT_VERSION = 5.0;
				TARGETED_DEVICE_FAMILY = "1,2";
			};
			name = Debug;
		};
		6694D6BD251CC33600575904 /* Release */ = {
			isa = XCBuildConfiguration;
			baseConfigurationReference = 7382595607223B6332FA5D2F /* Pods-itaxo.release.xcconfig */;
			buildSettings = {
				ASSETCATALOG_COMPILER_APPICON_NAME = AppIcon;
				CODE_SIGN_STYLE = Automatic;
				DEVELOPMENT_TEAM = BP9F2YY4PR;
				INFOPLIST_FILE = itaxo/Info.plist;
				IPHONEOS_DEPLOYMENT_TARGET = 13.5;
				LD_RUNPATH_SEARCH_PATHS = (
					"$(inherited)",
					"@executable_path/Frameworks",
				);
				PRODUCT_BUNDLE_IDENTIFIER = com.itaxo.itaxo;
				PRODUCT_NAME = "$(TARGET_NAME)";
				SWIFT_VERSION = 5.0;
				TARGETED_DEVICE_FAMILY = "1,2";
			};
			name = Release;
		};
/* End XCBuildConfiguration section */

/* Begin XCConfigurationList section */
		6694D6A2251CC33300575904 /* Build configuration list for PBXProject "itaxo" */ = {
			isa = XCConfigurationList;
			buildConfigurations = (
				6694D6B9251CC33600575904 /* Debug */,
				6694D6BA251CC33600575904 /* Release */,
			);
			defaultConfigurationIsVisible = 0;
			defaultConfigurationName = Release;
		};
		6694D6BB251CC33600575904 /* Build configuration list for PBXNativeTarget "itaxo" */ = {
			isa = XCConfigurationList;
			buildConfigurations = (
				6694D6BC251CC33600575904 /* Debug */,
				6694D6BD251CC33600575904 /* Release */,
			);
			defaultConfigurationIsVisible = 0;
			defaultConfigurationName = Release;
		};
/* End XCConfigurationList section */

/* Begin XCVersionGroup section */
		8C47920C25655B3C007F61E6 /* ItaxoTrip.xcdatamodeld */ = {
			isa = XCVersionGroup;
			children = (
				8C47920D25655B3C007F61E6 /* ItaxoTrip.xcdatamodel */,
			);
			currentVersion = 8C47920D25655B3C007F61E6 /* ItaxoTrip.xcdatamodel */;
			path = ItaxoTrip.xcdatamodeld;
			sourceTree = "<group>";
			versionGroupType = wrapper.xcdatamodel;
		};
/* End XCVersionGroup section */
	};
	rootObject = 6694D69F251CC33300575904 /* Project object */;
}
